<?xml version="1.0" encoding="utf-8"?>
<Project ToolsVersion="4.0" xmlns="http://schemas.microsoft.com/developer/msbuild/2003">
  <ItemGroup>
    <Filter Include="源文件">
      <UniqueIdentifier>{4FC737F1-C7A5-4376-A066-2A32D752A2FF}</UniqueIdentifier>
      <Extensions>cpp;c;cc;cxx;c++;cppm;ixx;def;odl;idl;hpj;bat;asm;asmx</Extensions>
    </Filter>
    <Filter Include="头文件">
      <UniqueIdentifier>{93995380-89BD-4b04-88EB-625FBE52EBFB}</UniqueIdentifier>
      <Extensions>h;hh;hpp;hxx;h++;hm;inl;inc;ipp;xsd</Extensions>
    </Filter>
    <Filter Include="资源文件">
      <UniqueIdentifier>{67DA6AB6-F800-4c08-8B7A-83BB121AAD01}</UniqueIdentifier>
      <Extensions>rc;ico;cur;bmp;dlg;rc2;rct;bin;rgs;gif;jpg;jpeg;jpe;resx;tiff;tif;png;wav;mfcribbon-ms</Extensions>
    </Filter>
    <Filter Include="源文件\json">
      <UniqueIdentifier>{5a16faa9-a587-41f5-8eb7-d08ace6e62bb}</UniqueIdentifier>
    </Filter>
    <Filter Include="头文件\json">
      <UniqueIdentifier>{bc84a91c-70df-4bde-ac83-d0eceb4115dc}</UniqueIdentifier>
    </Filter>
  </ItemGroup>
  <ItemGroup>
    <ClCompile Include="json\json_reader.cpp">
      <Filter>源文件\json</Filter>
    </ClCompile>
    <ClCompile Include="json\json_value.cpp">
      <Filter>源文件\json</Filter>
    </ClCompile>
    <ClCompile Include="json\json_writer.cpp">
      <Filter>源文件\json</Filter>
    </ClCompile>
    <ClCompile Include="Auth.cpp">
      <Filter>源文件</Filter>
    </ClCompile>
    <ClCompile Include="test.cpp">
      <Filter>源文件</Filter>
    </ClCompile>
    <ClCompile Include="Utils.cpp">
      <Filter>源文件</Filter>
    </ClCompile>
    <ClCompile Include="API.cpp">
      <Filter>源文件</Filter>
    </ClCompile>
  </ItemGroup>
  <ItemGroup>
    <ClInclude Include="json\allocator.h">
      <Filter>头文件\json</Filter>
    </ClInclude>
    <ClInclude Include="json\assertions.h">
      <Filter>头文件\json</Filter>
    </ClInclude>
    <ClInclude Include="json\config.h">
      <Filter>头文件\json</Filter>
    </ClInclude>
    <ClInclude Include="json\forwards.h">
      <Filter>头文件\json</Filter>
    </ClInclude>
    <ClInclude Include="json\json.h">
      <Filter>头文件\json</Filter>
    </ClInclude>
    <ClInclude Include="json\json_features.h">
      <Filter>头文件\json</Filter>
    </ClInclude>
    <ClInclude Include="json\json_tool.h">
      <Filter>头文件\json</Filter>
    </ClInclude>
    <ClInclude Include="json\reader.h">
      <Filter>头文件\json</Filter>
    </ClInclude>
    <ClInclude Include="json\value.h">
      <Filter>头文件\json</Filter>
    </ClInclude>
    <ClInclude Include="json\version.h">
      <Filter>头文件\json</Filter>
    </ClInclude>
    <ClInclude Include="json\writer.h">
      <Filter>头文件\json</Filter>
    </ClInclude>
    <ClInclude Include="Auth.h">
      <Filter>头文件</Filter>
    </ClInclude>
    <ClInclude Include="Utils.h">
      <Filter>头文件</Filter>
    </ClInclude>
    <ClInclude Include="NtQueryInfoProc.h">
      <Filter>头文件</Filter>
    </ClInclude>
    <ClInclude Include="base64.h">
      <Filter>头文件</Filter>
    </ClInclude>
    <ClInclude Include="Definitions.h">
      <Filter>头文件</Filter>
    </ClInclude>
    <ClInclude Include="HTTP.h">
      <Filter>头文件</Filter>
    </ClInclude>
    <ClInclude Include="API.h">
      <Filter>头文件</Filter>
    </ClInclude>
  </ItemGroup>
</Project>